{
  "name": "travel-site",
  "version": "1.0.0",
  "lockfileVersion": 1,
  "requires": true,
  "dependencies": {
    "jquery": {
      "version": "3.3.1",
      "resolved": "http://registry.npm.taobao.org/jquery/download/jquery-3.3.1.tgz",
      "integrity": "sha1-lYzinoHJeQ8xvneS311NlfxX+8o="
    },
    "jquery-smooth-scroll": {
      "version": "2.2.0",
      "resolved": "http://registry.npm.taobao.org/jquery-smooth-scroll/download/jquery-smooth-scroll-2.2.0.tgz",
      "integrity": "sha1-h9wa3YQWi39Gazza7rgcgD/SKio=",
      "requires": {
        "jquery": "3.3.1"
      }
    },
    "lazysizes": {
      "version": "4.0.1",
      "resolved": "http://registry.npm.taobao.org/lazysizes/download/lazysizes-4.0.1.tgz",
      "integrity": "sha1-Qo/pVh1/9cOysnh7eO1UCAmGQgs="
    },
    "normalize.css": {
      "version": "7.0.0",
      "resolved": "http://registry.npm.taobao.org/normalize.css/download/normalize.css-7.0.0.tgz",
      "integrity": "sha1-q/sd2CRwZ04DIrU86xqvQSk45L8="
    },
    "picturefill": {
      "version": "3.0.2",
      "resolved": "http://registry.npm.taobao.org/picturefill/download/picturefill-3.0.2.tgz",
      "integrity": "sha1-+j01//vvWrUwD+KtncqPLjbLons="
    },
    "waypoints": {
      "version": "4.0.1",
      "resolved": "http://registry.npm.taobao.org/waypoints/download/waypoints-4.0.1.tgz",
      "integrity": "sha1-CZeaBXOBCylifLpDZqKEoGLsacg="
    }
  }
}
